<?xml version="1.0" encoding="utf-8"?>
<Project ToolsVersion="4.0" xmlns="http://schemas.microsoft.com/developer/msbuild/2003">
  <ItemGroup>
    <Filter Include="Resource Files">
      <UniqueIdentifier>{67DA6AB6-F800-4c08-8B7A-83BB121AAD01}</UniqueIdentifier>
      <Extensions>rc;ico;cur;bmp;dlg;rc2;rct;bin;rgs;gif;jpg;jpeg;jpe;resx;tiff;tif;png;wav;mfcribbon-ms</Extensions>
    </Filter>
    <Filter Include="Forms">
      <UniqueIdentifier>{4b5a9403-459d-403e-967d-ba8472ca5362}</UniqueIdentifier>
    </Filter>
    <Filter Include="Listeners">
      <UniqueIdentifier>{1047fb02-2a10-4bc1-acd5-8b0404757981}</UniqueIdentifier>
    </Filter>
  </ItemGroup>
  <ItemGroup>
    <ClInclude Include="GUIFrameworkPCH.h" />
    <ClInclude Include="resource.h" />
    <ClInclude Include="GUIFramework.h" />
    <ClInclude Include="InformationPanel.h">
      <Filter>Forms</Filter>
    </ClInclude>
    <ClInclude Include="FormEventListener.h">
      <Filter>Listeners</Filter>
    </ClInclude>
  </ItemGroup>
  <ItemGroup>
    <ClCompile Include="AssemblyInfo.cpp" />
    <ClCompile Include="GUIFramework.cpp" />
    <ClCompile Include="GUIFrameworkPCH.cpp" />
    <ClCompile Include="InformationPanel.cpp">
      <Filter>Forms</Filter>
    </ClCompile>
    <ClCompile Include="FormEventListener.cpp">
      <Filter>Listeners</Filter>
    </ClCompile>
  </ItemGroup>
  <ItemGroup>
    <ResourceCompile Include="app.rc">
      <Filter>Resource Files</Filter>
    </ResourceCompile>
  </ItemGroup>
  <ItemGroup>
    <Image Include="app.ico">
      <Filter>Resource Files</Filter>
    </Image>
  </ItemGroup>
  <ItemGroup>
    <EmbeddedResource Include="InformationPanel.resx">
      <Filter>Resource Files</Filter>
    </EmbeddedResource>
  </ItemGroup>
</Project>