<?xml version="1.0" encoding="utf-8"?>
<Project ToolsVersion="4.0" xmlns="http://schemas.microsoft.com/developer/msbuild/2003">
  <ItemGroup>
    <Filter Include="Device">
      <UniqueIdentifier>{4bfdf99c-8e9e-439b-ac39-8236ef9931f8}</UniqueIdentifier>
    </Filter>
    <Filter Include="Images">
      <UniqueIdentifier>{6963c74d-ea9a-4870-a2c1-e6125e75db93}</UniqueIdentifier>
    </Filter>
    <Filter Include="Cameras">
      <UniqueIdentifier>{10841584-e51d-4948-a0f6-567aa49a8f0c}</UniqueIdentifier>
    </Filter>
    <Filter Include="Lights">
      <UniqueIdentifier>{37d9b440-6831-4dfb-80a4-785f3e63d767}</UniqueIdentifier>
    </Filter>
    <Filter Include="Meshes">
      <UniqueIdentifier>{f87481dd-4cda-4d8a-a561-5464858553a4}</UniqueIdentifier>
    </Filter>
    <Filter Include="SceneObjects">
      <UniqueIdentifier>{0bcb60ad-7748-4b67-b4dd-1a703c48552b}</UniqueIdentifier>
    </Filter>
  </ItemGroup>
  <ItemGroup>
    <ClInclude Include="SERayTracingAdapterHeaders.h" />
    <ClInclude Include="SERayTracingAdapterLIB.h" />
    <ClInclude Include="SERayTracingAdapterPCH.h" />
    <ClInclude Include="SERayTracingAdapterRegister.h" />
    <ClInclude Include="SwingEngineRayTracingAdapter.h" />
    <ClInclude Include="Device\SERayTracingDevice.h">
      <Filter>Device</Filter>
    </ClInclude>
    <ClInclude Include="Device\SERayTracingDeviceResource.h">
      <Filter>Device</Filter>
    </ClInclude>
    <ClInclude Include="Images\SERayTracingDeviceImage.h">
      <Filter>Images</Filter>
    </ClInclude>
    <ClInclude Include="Device\SERayTracingDeviceDelegate.h">
      <Filter>Device</Filter>
    </ClInclude>
    <ClInclude Include="Images\SERayTracingDeviceBitmap.h">
      <Filter>Images</Filter>
    </ClInclude>
    <ClInclude Include="Cameras\SERTDeviceCamera.h">
      <Filter>Cameras</Filter>
    </ClInclude>
    <ClInclude Include="Lights\SERTDeviceLightRectangle.h">
      <Filter>Lights</Filter>
    </ClInclude>
    <ClInclude Include="Lights\SERTDeviceSkyLight.h">
      <Filter>Lights</Filter>
    </ClInclude>
    <ClInclude Include="Meshes\SERTDeviceStaticMesh.h">
      <Filter>Meshes</Filter>
    </ClInclude>
    <ClInclude Include="SceneObjects\SERTDeviceSceneNode.h">
      <Filter>SceneObjects</Filter>
    </ClInclude>
  </ItemGroup>
  <ItemGroup>
    <ClCompile Include="SERayTracingAdapterPCH.cpp" />
    <ClCompile Include="SERayTracingAdapterRegister.cpp" />
    <ClCompile Include="Device\SERayTracingDevice.cpp">
      <Filter>Device</Filter>
    </ClCompile>
    <ClCompile Include="Device\SERayTracingDeviceResource.cpp">
      <Filter>Device</Filter>
    </ClCompile>
    <ClCompile Include="Images\SERayTracingDeviceImage.cpp">
      <Filter>Images</Filter>
    </ClCompile>
    <ClCompile Include="Images\SERayTracingDeviceBitmap.cpp">
      <Filter>Images</Filter>
    </ClCompile>
    <ClCompile Include="Cameras\SERTDeviceCamera.cpp">
      <Filter>Cameras</Filter>
    </ClCompile>
    <ClCompile Include="Lights\SERTDeviceLightRectangle.cpp">
      <Filter>Lights</Filter>
    </ClCompile>
    <ClCompile Include="Lights\SERTDeviceSkyLight.cpp">
      <Filter>Lights</Filter>
    </ClCompile>
    <ClCompile Include="Meshes\SERTDeviceStaticMesh.cpp">
      <Filter>Meshes</Filter>
    </ClCompile>
    <ClCompile Include="SceneObjects\SERTDeviceSceneNode.cpp">
      <Filter>SceneObjects</Filter>
    </ClCompile>
  </ItemGroup>
  <ItemGroup>
    <None Include="Device\SERayTracingDevice.inl">
      <Filter>Device</Filter>
    </None>
  </ItemGroup>
</Project>